
Microsoft Visual Studio Solution File, Format Version 12.00
# Visual Studio Version 16
VisualStudioVersion = 16.0.29123.88
MinimumVisualStudioVersion = 10.0.40219.1
Project("{FAE04EC0-301F-11D3-BF4B-00C04F79EFBC}") = "StudentExerciseMVC", "StudentExerciseMVC\StudentExerciseMVC.csproj", "{3B18A1F3-EAB1-4419-9825-D2E47851383F}"
EndProject
Global
	GlobalSection(SolutionConfigurationPlatforms) = preSolution
		Debug|Any CPU = Debug|Any CPU
		Release|Any CPU = Release|Any CPU
	EndGlobalSection
	GlobalSection(ProjectConfigurationPlatforms) = postSolution
		{3B18A1F3-EAB1-4419-9825-D2E47851383F}.Debug|Any CPU.ActiveCfg = Debug|Any CPU
		{3B18A1F3-EAB1-4419-9825-D2E47851383F}.Debug|Any CPU.Build.0 = Debug|Any CPU
		{3B18A1F3-EAB1-4419-9825-D2E47851383F}.Release|Any CPU.ActiveCfg = Release|Any CPU
		{3B18A1F3-EAB1-4419-9825-D2E47851383F}.Release|Any CPU.Build.0 = Release|Any CPU
	EndGlobalSection
	GlobalSection(SolutionProperties) = preSolution
		HideSolutionNode = FALSE
	EndGlobalSection
	GlobalSection(ExtensibilityGlobals) = postSolution
		SolutionGuid = {5E948F71-443D-4FE1-A67F-B5A585B376B3}
	EndGlobalSection
EndGlobal
